
Microsoft Visual Studio Solution File, Format Version 12.00
# Visual Studio Version 17
VisualStudioVersion = 17.11.35312.102
MinimumVisualStudioVersion = 10.0.40219.1
Project("{FAE04EC0-301F-11D3-BF4B-00C04F79EFBC}") = "Names", "Names.csproj", "{F77CE880-918A-4FB6-B92A-F1B7CFB5441B}"
EndProject
Global
	GlobalSection(SolutionConfigurationPlatforms) = preSolution
		Debug|Any CPU = Debug|Any CPU
		Release|Any CPU = Release|Any CPU
	EndGlobalSection
	GlobalSection(ProjectConfigurationPlatforms) = postSolution
		{F77CE880-918A-4FB6-B92A-F1B7CFB5441B}.Debug|Any CPU.ActiveCfg = Debug|Any CPU
		{F77CE880-918A-4FB6-B92A-F1B7CFB5441B}.Debug|Any CPU.Build.0 = Debug|Any CPU
		{F77CE880-918A-4FB6-B92A-F1B7CFB5441B}.Release|Any CPU.ActiveCfg = Release|Any CPU
		{F77CE880-918A-4FB6-B92A-F1B7CFB5441B}.Release|Any CPU.Build.0 = Release|Any CPU
	EndGlobalSection
	GlobalSection(SolutionProperties) = preSolution
		HideSolutionNode = FALSE
	EndGlobalSection
	GlobalSection(ExtensibilityGlobals) = postSolution
		SolutionGuid = {0D39BDE5-40C3-4600-92A4-E66A8D497F4A}
	EndGlobalSection
EndGlobal
